PODS:
  - PagingMenuController (3.0.0)

DEPENDENCIES:
  - PagingMenuController (from `../`)

EXTERNAL SOURCES:
  PagingMenuController:
    :path: "../"

SPEC CHECKSUMS:
  PagingMenuController: 10ec7eedea7252fc28d8f8b12913af92f5a1d82e

PODFILE CHECKSUM: ad8a39de8cc58c1b803b2e2b316ca0de8adca12c

COCOAPODS: 1.6.0
